
Microsoft Visual Studio Solution File, Format Version 12.00
# Visual Studio 2012
Project("{FAE04EC0-301F-11D3-BF4B-00C04F79EFBC}") = "SD.Domain", "SD.Domain\SD.Domain.csproj", "{57EE5F5B-9346-4152-9864-DC8897D248AB}"
EndProject
Global
	GlobalSection(SolutionConfigurationPlatforms) = preSolution
		Debug|Any CPU = Debug|Any CPU
		Release|Any CPU = Release|Any CPU
	EndGlobalSection
	GlobalSection(ProjectConfigurationPlatforms) = postSolution
		{57EE5F5B-9346-4152-9864-DC8897D248AB}.Debug|Any CPU.ActiveCfg = Debug|Any CPU
		{57EE5F5B-9346-4152-9864-DC8897D248AB}.Debug|Any CPU.Build.0 = Debug|Any CPU
		{57EE5F5B-9346-4152-9864-DC8897D248AB}.Release|Any CPU.ActiveCfg = Release|Any CPU
		{57EE5F5B-9346-4152-9864-DC8897D248AB}.Release|Any CPU.Build.0 = Release|Any CPU
	EndGlobalSection
	GlobalSection(SolutionProperties) = preSolution
		HideSolutionNode = FALSE
	EndGlobalSection
EndGlobal
